
Microsoft Visual Studio Solution File, Format Version 12.00
# Visual Studio Version 17
VisualStudioVersion = 17.14.36414.22 d17.14
MinimumVisualStudioVersion = 10.0.40219.1
Project("{F184B08F-C81C-45F6-A57F-5ABD9991F28F}") = "Login", "Login\Login.vbproj", "{328A908C-DD4C-4C47-8CCC-5EAC830EBF09}"
EndProject
Global
	GlobalSection(SolutionConfigurationPlatforms) = preSolution
		Debug|Any CPU = Debug|Any CPU
		Release|Any CPU = Release|Any CPU
	EndGlobalSection
	GlobalSection(ProjectConfigurationPlatforms) = postSolution
		{328A908C-DD4C-4C47-8CCC-5EAC830EBF09}.Debug|Any CPU.ActiveCfg = Debug|Any CPU
		{328A908C-DD4C-4C47-8CCC-5EAC830EBF09}.Debug|Any CPU.Build.0 = Debug|Any CPU
		{328A908C-DD4C-4C47-8CCC-5EAC830EBF09}.Release|Any CPU.ActiveCfg = Release|Any CPU
		{328A908C-DD4C-4C47-8CCC-5EAC830EBF09}.Release|Any CPU.Build.0 = Release|Any CPU
	EndGlobalSection
	GlobalSection(SolutionProperties) = preSolution
		HideSolutionNode = FALSE
	EndGlobalSection
	GlobalSection(ExtensibilityGlobals) = postSolution
		SolutionGuid = {A29D25CD-425A-4C4E-94E3-4E2F63A7F3B5}
	EndGlobalSection
EndGlobal
